PODS:
  - Capacitor (8.4.0):
    - CapacitorCordova
  - CapacitorCordova (8.4.0)
  - PurchasesHybridCommon (18.9.1):
    - RevenueCat (= 5.75.0)
  - RevenueCat (5.75.0)
  - RevenuecatPurchasesCapacitor (13.1.4):
    - Capacitor
    - PurchasesHybridCommon (= 18.9.1)

DEPENDENCIES:
  - "Capacitor (from `../../node_modules/@capacitor/ios`)"
  - "CapacitorCordova (from `../../node_modules/@capacitor/ios`)"
  - "RevenuecatPurchasesCapacitor (from `../../node_modules/@revenuecat/purchases-capacitor`)"

SPEC REPOS:
  trunk:
    - PurchasesHybridCommon
    - RevenueCat

EXTERNAL SOURCES:
  Capacitor:
    :path: "../../node_modules/@capacitor/ios"
  CapacitorCordova:
    :path: "../../node_modules/@capacitor/ios"
  RevenuecatPurchasesCapacitor:
    :path: "../../node_modules/@revenuecat/purchases-capacitor"

SPEC CHECKSUMS:
  Capacitor: 75bd117ba037a51bb0f19ded32c67f4b3bc16600
  CapacitorCordova: 71d81f350e6c30bf2a846593b5c480fbd68e9bac
  PurchasesHybridCommon: 508a37f190953e332c0cf79f2cd514bad75b887b
  RevenueCat: a187c44f51c900a08204b13ee62c8ec10925c1c0
  RevenuecatPurchasesCapacitor: be132cce670667c8061717511dcac2f307db08f5

PODFILE CHECKSUM: 0f62cdad304a3c21afe0b9e53ed5b6776eba46d2

COCOAPODS: 1.16.2
